
Microsoft Visual Studio Solution File, Format Version 12.00
# Visual Studio for Mac
Project("{FAE04EC0-301F-11D3-BF4B-00C04F79EFBC}") = "Assembly-CSharp", "Assembly-CSharp.csproj", "{778DEEB1-F7DA-01FE-E495-3698B3D1D061}"
EndProject
Project("{FAE04EC0-301F-11D3-BF4B-00C04F79EFBC}") = "Assembly-CSharp-Editor", "Assembly-CSharp-Editor.csproj", "{CC66EE2B-2860-C906-C7AE-C0E77959A756}"
EndProject
Global
	GlobalSection(SolutionConfigurationPlatforms) = preSolution
		Debug|Any CPU = Debug|Any CPU
		Release|Any CPU = Release|Any CPU
	EndGlobalSection
	GlobalSection(ProjectConfigurationPlatforms) = postSolution
		{778DEEB1-F7DA-01FE-E495-3698B3D1D061}.Debug|Any CPU.ActiveCfg = Debug|Any CPU
		{778DEEB1-F7DA-01FE-E495-3698B3D1D061}.Debug|Any CPU.Build.0 = Debug|Any CPU
		{778DEEB1-F7DA-01FE-E495-3698B3D1D061}.Release|Any CPU.ActiveCfg = Release|Any CPU
		{778DEEB1-F7DA-01FE-E495-3698B3D1D061}.Release|Any CPU.Build.0 = Release|Any CPU
		{CC66EE2B-2860-C906-C7AE-C0E77959A756}.Debug|Any CPU.ActiveCfg = Debug|Any CPU
		{CC66EE2B-2860-C906-C7AE-C0E77959A756}.Debug|Any CPU.Build.0 = Debug|Any CPU
		{CC66EE2B-2860-C906-C7AE-C0E77959A756}.Release|Any CPU.ActiveCfg = Release|Any CPU
		{CC66EE2B-2860-C906-C7AE-C0E77959A756}.Release|Any CPU.Build.0 = Release|Any CPU
	EndGlobalSection
	GlobalSection(SolutionProperties) = preSolution
		HideSolutionNode = FALSE
	EndGlobalSection
EndGlobal
